// !$*UTF8*$!
{
	archiveVersion = 1;
	classes = {
	};
	objectVersion = 56;
	objects = {

/* Begin PBXBuildFile section */
		825EC2FA2AE3F45800ADF26B /* Model.swift in Sources */ = {isa = PBXBuildFile; fileRef = 825EC2F92AE3F45800ADF26B /* Model.swift */; };
		82684D7A2AE67FA600F621BB /* MapView-ViewModel.swift in Sources */ = {isa = PBXBuildFile; fileRef = 82684D792AE67FA600F621BB /* MapView-ViewModel.swift */; };
		827137FC2AE2A710003BE80F /* locations.json in Resources */ = {isa = PBXBuildFile; fileRef = 827137FB2AE2A710003BE80F /* locations.json */; };
		827137FE2AE2AACC003BE80F /* DetailedView.swift in Sources */ = {isa = PBXBuildFile; fileRef = 827137FD2AE2AACC003BE80F /* DetailedView.swift */; };
		827138002AE2AEAF003BE80F /* MapAnnotationView.swift in Sources */ = {isa = PBXBuildFile; fileRef = 827137FF2AE2AEAF003BE80F /* MapAnnotationView.swift */; };
		827D60A82ADECDAC00FE004F /* ProtvinoApp.swift in Sources */ = {isa = PBXBuildFile; fileRef = 827D60A72ADECDAC00FE004F /* ProtvinoApp.swift */; };
		827D60AA2ADECDAC00FE004F /* ContentView.swift in Sources */ = {isa = PBXBuildFile; fileRef = 827D60A92ADECDAC00FE004F /* ContentView.swift */; };
		827D60AC2ADECDAE00FE004F /* Assets.xcassets in Resources */ = {isa = PBXBuildFile; fileRef = 827D60AB2ADECDAE00FE004F /* Assets.xcassets */; };
		827D60AF2ADECDAE00FE004F /* Preview Assets.xcassets in Resources */ = {isa = PBXBuildFile; fileRef = 827D60AE2ADECDAE00FE004F /* Preview Assets.xcassets */; };
		827D60B92ADECDAF00FE004F /* ProtvinoTests.swift in Sources */ = {isa = PBXBuildFile; fileRef = 827D60B82ADECDAF00FE004F /* ProtvinoTests.swift */; };
		827D60C32ADECDAF00FE004F /* ProtvinoUITests.swift in Sources */ = {isa = PBXBuildFile; fileRef = 827D60C22ADECDAF00FE004F /* ProtvinoUITests.swift */; };
		827D60C52ADECDAF00FE004F /* ProtvinoUITestsLaunchTests.swift in Sources */ = {isa = PBXBuildFile; fileRef = 827D60C42ADECDAF00FE004F /* ProtvinoUITestsLaunchTests.swift */; };
		827D60D42ADED03100FE004F /* ViewModel.swift in Sources */ = {isa = PBXBuildFile; fileRef = 827D60D32ADED03100FE004F /* ViewModel.swift */; };
/* End PBXBuildFile section */

/* Begin PBXContainerItemProxy section */
		827D60B52ADECDAF00FE004F /* PBXContainerItemProxy */ = {
			isa = PBXContainerItemProxy;
			containerPortal = 827D609C2ADECDAC00FE004F /* Project object */;
			proxyType = 1;
			remoteGlobalIDString = 827D60A32ADECDAC00FE004F;
			remoteInfo = Protvino;
		};
		827D60BF2ADECDAF00FE004F /* PBXContainerItemProxy */ = {
			isa = PBXContainerItemProxy;
			containerPortal = 827D609C2ADECDAC00FE004F /* Project object */;
			proxyType = 1;
			remoteGlobalIDString = 827D60A32ADECDAC00FE004F;
			remoteInfo = Protvino;
		};
/* End PBXContainerItemProxy section */

/* Begin PBXFileReference section */
		825EC2F92AE3F45800ADF26B /* Model.swift */ = {isa = PBXFileReference; lastKnownFileType = sourcecode.swift; path = Model.swift; sourceTree = "<group>"; };
		82684D792AE67FA600F621BB /* MapView-ViewModel.swift */ = {isa = PBXFileReference; lastKnownFileType = sourcecode.swift; path = "MapView-ViewModel.swift"; sourceTree = "<group>"; };
		827137FB2AE2A710003BE80F /* locations.json */ = {isa = PBXFileReference; lastKnownFileType = text.json; path = locations.json; sourceTree = "<group>"; };
		827137FD2AE2AACC003BE80F /* DetailedView.swift */ = {isa = PBXFileReference; lastKnownFileType = sourcecode.swift; path = DetailedView.swift; sourceTree = "<group>"; };
		827137FF2AE2AEAF003BE80F /* MapAnnotationView.swift */ = {isa = PBXFileReference; lastKnownFileType = sourcecode.swift; path = MapAnnotationView.swift; sourceTree = "<group>"; };
		827D60A42ADECDAC00FE004F /* Protvino.app */ = {isa = PBXFileReference; explicitFileType = wrapper.application; includeInIndex = 0; path = Protvino.app; sourceTree = BUILT_PRODUCTS_DIR; };
		827D60A72ADECDAC00FE004F /* ProtvinoApp.swift */ = {isa = PBXFileReference; lastKnownFileType = sourcecode.swift; path = ProtvinoApp.swift; sourceTree = "<group>"; };
		827D60A92ADECDAC00FE004F /* ContentView.swift */ = {isa = PBXFileReference; lastKnownFileType = sourcecode.swift; path = ContentView.swift; sourceTree = "<group>"; };
		827D60AB2ADECDAE00FE004F /* Assets.xcassets */ = {isa = PBXFileReference; lastKnownFileType = folder.assetcatalog; path = Assets.xcassets; sourceTree = "<group>"; };
		827D60AE2ADECDAE00FE004F /* Preview Assets.xcassets */ = {isa = PBXFileReference; lastKnownFileType = folder.assetcatalog; path = "Preview Assets.xcassets"; sourceTree = "<group>"; };
		827D60B42ADECDAF00FE004F /* ProtvinoTests.xctest */ = {isa = PBXFileReference; explicitFileType = wrapper.cfbundle; includeInIndex = 0; path = ProtvinoTests.xctest; sourceTree = BUILT_PRODUCTS_DIR; };
		827D60B82ADECDAF00FE004F /* ProtvinoTests.swift */ = {isa = PBXFileReference; lastKnownFileType = sourcecode.swift; path = ProtvinoTests.swift; sourceTree = "<group>"; };
		827D60BE2ADECDAF00FE004F /* ProtvinoUITests.xctest */ = {isa = PBXFileReference; explicitFileType = wrapper.cfbundle; includeInIndex = 0; path = ProtvinoUITests.xctest; sourceTree = BUILT_PRODUCTS_DIR; };
		827D60C22ADECDAF00FE004F /* ProtvinoUITests.swift */ = {isa = PBXFileReference; lastKnownFileType = sourcecode.swift; path = ProtvinoUITests.swift; sourceTree = "<group>"; };
		827D60C42ADECDAF00FE004F /* ProtvinoUITestsLaunchTests.swift */ = {isa = PBXFileReference; lastKnownFileType = sourcecode.swift; path = ProtvinoUITestsLaunchTests.swift; sourceTree = "<group>"; };
		827D60D32ADED03100FE004F /* ViewModel.swift */ = {isa = PBXFileReference; lastKnownFileType = sourcecode.swift; path = ViewModel.swift; sourceTree = "<group>"; };
/* End PBXFileReference section */

/* Begin PBXFrameworksBuildPhase section */
		827D60A12ADECDAC00FE004F /* Frameworks */ = {
			isa = PBXFrameworksBuildPhase;
			buildActionMask = 2147483647;
			files = (
			);
			runOnlyForDeploymentPostprocessing = 0;
		};
		827D60B12ADECDAF00FE004F /* Frameworks */ = {
			isa = PBXFrameworksBuildPhase;
			buildActionMask = 2147483647;
			files = (
			);
			runOnlyForDeploymentPostprocessing = 0;
		};
		827D60BB2ADECDAF00FE004F /* Frameworks */ = {
			isa = PBXFrameworksBuildPhase;
			buildActionMask = 2147483647;
			files = (
			);
			runOnlyForDeploymentPostprocessing = 0;
		};
/* End PBXFrameworksBuildPhase section */

/* Begin PBXGroup section */
		827D609B2ADECDAC00FE004F = {
			isa = PBXGroup;
			children = (
				827D60A62ADECDAC00FE004F /* Protvino */,
				827D60B72ADECDAF00FE004F /* ProtvinoTests */,
				827D60C12ADECDAF00FE004F /* ProtvinoUITests */,
				827D60A52ADECDAC00FE004F /* Products */,
			);
			sourceTree = "<group>";
		};
		827D60A52ADECDAC00FE004F /* Products */ = {
			isa = PBXGroup;
			children = (
				827D60A42ADECDAC00FE004F /* Protvino.app */,
				827D60B42ADECDAF00FE004F /* ProtvinoTests.xctest */,
				827D60BE2ADECDAF00FE004F /* ProtvinoUITests.xctest */,
			);
			name = Products;
			sourceTree = "<group>";
		};
		827D60A62ADECDAC00FE004F /* Protvino */ = {
			isa = PBXGroup;
			children = (
				827D60A72ADECDAC00FE004F /* ProtvinoApp.swift */,
				827D60A92ADECDAC00FE004F /* ContentView.swift */,
				827D60D32ADED03100FE004F /* ViewModel.swift */,
				82684D792AE67FA600F621BB /* MapView-ViewModel.swift */,
				827137FF2AE2AEAF003BE80F /* MapAnnotationView.swift */,
				827137FD2AE2AACC003BE80F /* DetailedView.swift */,
				825EC2F92AE3F45800ADF26B /* Model.swift */,
				827137FB2AE2A710003BE80F /* locations.json */,
				827D60AB2ADECDAE00FE004F /* Assets.xcassets */,
				827D60AD2ADECDAE00FE004F /* Preview Content */,
			);
			path = Protvino;
			sourceTree = "<group>";
		};
		827D60AD2ADECDAE00FE004F /* Preview Content */ = {
			isa = PBXGroup;
			children = (
				827D60AE2ADECDAE00FE004F /* Preview Assets.xcassets */,
			);
			path = "Preview Content";
			sourceTree = "<group>";
		};
		827D60B72ADECDAF00FE004F /* ProtvinoTests */ = {
			isa = PBXGroup;
			children = (
				827D60B82ADECDAF00FE004F /* ProtvinoTests.swift */,
			);
			path = ProtvinoTests;
			sourceTree = "<group>";
		};
		827D60C12ADECDAF00FE004F /* ProtvinoUITests */ = {
			isa = PBXGroup;
			children = (
				827D60C22ADECDAF00FE004F /* ProtvinoUITests.swift */,
				827D60C42ADECDAF00FE004F /* ProtvinoUITestsLaunchTests.swift */,
			);
			path = ProtvinoUITests;
			sourceTree = "<group>";
		};
/* End PBXGroup section */

/* Begin PBXNativeTarget section */
		827D60A32ADECDAC00FE004F /* Protvino */ = {
			isa = PBXNativeTarget;
			buildConfigurationList = 827D60C82ADECDAF00FE004F /* Build configuration list for PBXNativeTarget "Protvino" */;
			buildPhases = (
				827D60A02ADECDAC00FE004F /* Sources */,
				827D60A12ADECDAC00FE004F /* Frameworks */,
				827D60A22ADECDAC00FE004F /* Resources */,
			);
			buildRules = (
			);
			dependencies = (
			);
			name = Protvino;
			productName = Protvino;
			productReference = 827D60A42ADECDAC00FE004F /* Protvino.app */;
			productType = "com.apple.product-type.application";
		};
		827D60B32ADECDAF00FE004F /* ProtvinoTests */ = {
			isa = PBXNativeTarget;
			buildConfigurationList = 827D60CB2ADECDAF00FE004F /* Build configuration list for PBXNativeTarget "ProtvinoTests" */;
			buildPhases = (
				827D60B02ADECDAF00FE004F /* Sources */,
				827D60B12ADECDAF00FE004F /* Frameworks */,
				827D60B22ADECDAF00FE004F /* Resources */,
			);
			buildRules = (
			);
			dependencies = (
				827D60B62ADECDAF00FE004F /* PBXTargetDependency */,
			);
			name = ProtvinoTests;
			productName = ProtvinoTests;
			productReference = 827D60B42ADECDAF00FE004F /* ProtvinoTests.xctest */;
			productType = "com.apple.product-type.bundle.unit-test";
		};
		827D60BD2ADECDAF00FE004F /* ProtvinoUITests */ = {
			isa = PBXNativeTarget;
			buildConfigurationList = 827D60CE2ADECDAF00FE004F /* Build configuration list for PBXNativeTarget "ProtvinoUITests" */;
			buildPhases = (
				827D60BA2ADECDAF00FE004F /* Sources */,
				827D60BB2ADECDAF00FE004F /* Frameworks */,
				827D60BC2ADECDAF00FE004F /* Resources */,
			);
			buildRules = (
			);
			dependencies = (
				827D60C02ADECDAF00FE004F /* PBXTargetDependency */,
			);
			name = ProtvinoUITests;
			productName = ProtvinoUITests;
			productReference = 827D60BE2ADECDAF00FE004F /* ProtvinoUITests.xctest */;
			productType = "com.apple.product-type.bundle.ui-testing";
		};
/* End PBXNativeTarget section */

/* Begin PBXProject section */
		827D609C2ADECDAC00FE004F /* Project object */ = {
			isa = PBXProject;
			attributes = {
				BuildIndependentTargetsInParallel = 1;
				LastSwiftUpdateCheck = 1420;
				LastUpgradeCheck = 1420;
				TargetAttributes = {
					827D60A32ADECDAC00FE004F = {
						CreatedOnToolsVersion = 14.2;
					};
					827D60B32ADECDAF00FE004F = {
						CreatedOnToolsVersion = 14.2;
						TestTargetID = 827D60A32ADECDAC00FE004F;
					};
					827D60BD2ADECDAF00FE004F = {
						CreatedOnToolsVersion = 14.2;
						TestTargetID = 827D60A32ADECDAC00FE004F;
					};
				};
			};
			buildConfigurationList = 827D609F2ADECDAC00FE004F /* Build configuration list for PBXProject "Protvino" */;
			compatibilityVersion = "Xcode 14.0";
			developmentRegion = en;
			hasScannedForEncodings = 0;
			knownRegions = (
				en,
				Base,
			);
			mainGroup = 827D609B2ADECDAC00FE004F;
			productRefGroup = 827D60A52ADECDAC00FE004F /* Products */;
			projectDirPath = "";
			projectRoot = "";
			targets = (
				827D60A32ADECDAC00FE004F /* Protvino */,
				827D60B32ADECDAF00FE004F /* ProtvinoTests */,
				827D60BD2ADECDAF00FE004F /* ProtvinoUITests */,
			);
		};
/* End PBXProject section */

/* Begin PBXResourcesBuildPhase section */
		827D60A22ADECDAC00FE004F /* Resources */ = {
			isa = PBXResourcesBuildPhase;
			buildActionMask = 2147483647;
			files = (
				827137FC2AE2A710003BE80F /* locations.json in Resources */,
				827D60AF2ADECDAE00FE004F /* Preview Assets.xcassets in Resources */,
				827D60AC2ADECDAE00FE004F /* Assets.xcassets in Resources */,
			);
			runOnlyForDeploymentPostprocessing = 0;
		};
		827D60B22ADECDAF00FE004F /* Resources */ = {
			isa = PBXResourcesBuildPhase;
			buildActionMask = 2147483647;
			files = (
			);
			runOnlyForDeploymentPostprocessing = 0;
		};
		827D60BC2ADECDAF00FE004F /* Resources */ = {
			isa = PBXResourcesBuildPhase;
			buildActionMask = 2147483647;
			files = (
			);
			runOnlyForDeploymentPostprocessing = 0;
		};
/* End PBXResourcesBuildPhase section */

/* Begin PBXSourcesBuildPhase section */
		827D60A02ADECDAC00FE004F /* Sources */ = {
			isa = PBXSourcesBuildPhase;
			buildActionMask = 2147483647;
			files = (
				827138002AE2AEAF003BE80F /* MapAnnotationView.swift in Sources */,
				827137FE2AE2AACC003BE80F /* DetailedView.swift in Sources */,
				827D60AA2ADECDAC00FE004F /* ContentView.swift in Sources */,
				82684D7A2AE67FA600F621BB /* MapView-ViewModel.swift in Sources */,
				827D60A82ADECDAC00FE004F /* ProtvinoApp.swift in Sources */,
				827D60D42ADED03100FE004F /* ViewModel.swift in Sources */,
				825EC2FA2AE3F45800ADF26B /* Model.swift in Sources */,
			);
			runOnlyForDeploymentPostprocessing = 0;
		};
		827D60B02ADECDAF00FE004F /* Sources */ = {
			isa = PBXSourcesBuildPhase;
			buildActionMask = 2147483647;
			files = (
				827D60B92ADECDAF00FE004F /* ProtvinoTests.swift in Sources */,
			);
			runOnlyForDeploymentPostprocessing = 0;
		};
		827D60BA2ADECDAF00FE004F /* Sources */ = {
			isa = PBXSourcesBuildPhase;
			buildActionMask = 2147483647;
			files = (
				827D60C52ADECDAF00FE004F /* ProtvinoUITestsLaunchTests.swift in Sources */,
				827D60C32ADECDAF00FE004F /* ProtvinoUITests.swift in Sources */,
			);
			runOnlyForDeploymentPostprocessing = 0;
		};
/* End PBXSourcesBuildPhase section */

/* Begin PBXTargetDependency section */
		827D60B62ADECDAF00FE004F /* PBXTargetDependency */ = {
			isa = PBXTargetDependency;
			target = 827D60A32ADECDAC00FE004F /* Protvino */;
			targetProxy = 827D60B52ADECDAF00FE004F /* PBXContainerItemProxy */;
		};
		827D60C02ADECDAF00FE004F /* PBXTargetDependency */ = {
			isa = PBXTargetDependency;
			target = 827D60A32ADECDAC00FE004F /* Protvino */;
			targetProxy = 827D60BF2ADECDAF00FE004F /* PBXContainerItemProxy */;
		};
/* End PBXTargetDependency section */

/* Begin XCBuildConfiguration section */
		827D60C62ADECDAF00FE004F /* Debug */ = {
			isa = XCBuildConfiguration;
			buildSettings = {
				ALWAYS_SEARCH_USER_PATHS = NO;
				CLANG_ANALYZER_NONNULL = YES;
				CLANG_ANALYZER_NUMBER_OBJECT_CONVERSION = YES_AGGRESSIVE;
				CLANG_CXX_LANGUAGE_STANDARD = "gnu++20";
				CLANG_ENABLE_MODULES = YES;
				CLANG_ENABLE_OBJC_ARC = YES;
				CLANG_ENABLE_OBJC_WEAK = YES;
				CLANG_WARN_BLOCK_CAPTURE_AUTORELEASING = YES;
				CLANG_WARN_BOOL_CONVERSION = YES;
				CLANG_WARN_COMMA = YES;
				CLANG_WARN_CONSTANT_CONVERSION = YES;
				CLANG_WARN_DEPRECATED_OBJC_IMPLEMENTATIONS = YES;
				CLANG_WARN_DIRECT_OBJC_ISA_USAGE = YES_ERROR;
				CLANG_WARN_DOCUMENTATION_COMMENTS = YES;
				CLANG_WARN_EMPTY_BODY = YES;
				CLANG_WARN_ENUM_CONVERSION = YES;
				CLANG_WARN_INFINITE_RECURSION = YES;
				CLANG_WARN_INT_CONVERSION = YES;
				CLANG_WARN_NON_LITERAL_NULL_CONVERSION = YES;
				CLANG_WARN_OBJC_IMPLICIT_RETAIN_SELF = YES;
				CLANG_WARN_OBJC_LITERAL_CONVERSION = YES;
				CLANG_WARN_OBJC_ROOT_CLASS = YES_ERROR;
				CLANG_WARN_QUOTED_INCLUDE_IN_FRAMEWORK_HEADER = YES;
				CLANG_WARN_RANGE_LOOP_ANALYSIS = YES;
				CLANG_WARN_STRICT_PROTOTYPES = YES;
				CLANG_WARN_SUSPICIOUS_MOVE = YES;
				CLANG_WARN_UNGUARDED_AVAILABILITY = YES_AGGRESSIVE;
				CLANG_WARN_UNREACHABLE_CODE = YES;
				CLANG_WARN__DUPLICATE_METHOD_MATCH = YES;
				COPY_PHASE_STRIP = NO;
				DEBUG_INFORMATION_FORMAT = dwarf;
				ENABLE_STRICT_OBJC_MSGSEND = YES;
				ENABLE_TESTABILITY = YES;
				GCC_C_LANGUAGE_STANDARD = gnu11;
				GCC_DYNAMIC_NO_PIC = NO;
				GCC_NO_COMMON_BLOCKS = YES;
				GCC_OPTIMIZATION_LEVEL = 0;
				GCC_PREPROCESSOR_DEFINITIONS = (
					"DEBUG=1",
					"$(inherited)",
				);
				GCC_WARN_64_TO_32_BIT_CONVERSION = YES;
				GCC_WARN_ABOUT_RETURN_TYPE = YES_ERROR;
				GCC_WARN_UNDECLARED_SELECTOR = YES;
				GCC_WARN_UNINITIALIZED_AUTOS = YES_AGGRESSIVE;
				GCC_WARN_UNUSED_FUNCTION = YES;
				GCC_WARN_UNUSED_VARIABLE = YES;
				IPHONEOS_DEPLOYMENT_TARGET = 16.2;
				MTL_ENABLE_DEBUG_INFO = INCLUDE_SOURCE;
				MTL_FAST_MATH = YES;
				ONLY_ACTIVE_ARCH = YES;
				SDKROOT = iphoneos;
				SWIFT_ACTIVE_COMPILATION_CONDITIONS = DEBUG;
				SWIFT_OPTIMIZATION_LEVEL = "-Onone";
			};
			name = Debug;
		};
		827D60C72ADECDAF00FE004F /* Release */ = {
			isa = XCBuildConfiguration;
			buildSettings = {
				ALWAYS_SEARCH_USER_PATHS = NO;
				CLANG_ANALYZER_NONNULL = YES;
				CLANG_ANALYZER_NUMBER_OBJECT_CONVERSION = YES_AGGRESSIVE;
				CLANG_CXX_LANGUAGE_STANDARD = "gnu++20";
				CLANG_ENABLE_MODULES = YES;
				CLANG_ENABLE_OBJC_ARC = YES;
				CLANG_ENABLE_OBJC_WEAK = YES;
				CLANG_WARN_BLOCK_CAPTURE_AUTORELEASING = YES;
				CLANG_WARN_BOOL_CONVERSION = YES;
				CLANG_WARN_COMMA = YES;
				CLANG_WARN_CONSTANT_CONVERSION = YES;
				CLANG_WARN_DEPRECATED_OBJC_IMPLEMENTATIONS = YES;
				CLANG_WARN_DIRECT_OBJC_ISA_USAGE = YES_ERROR;
				CLANG_WARN_DOCUMENTATION_COMMENTS = YES;
				CLANG_WARN_EMPTY_BODY = YES;
				CLANG_WARN_ENUM_CONVERSION = YES;
				CLANG_WARN_INFINITE_RECURSION = YES;
				CLANG_WARN_INT_CONVERSION = YES;
				CLANG_WARN_NON_LITERAL_NULL_CONVERSION = YES;
				CLANG_WARN_OBJC_IMPLICIT_RETAIN_SELF = YES;
				CLANG_WARN_OBJC_LITERAL_CONVERSION = YES;
				CLANG_WARN_OBJC_ROOT_CLASS = YES_ERROR;
				CLANG_WARN_QUOTED_INCLUDE_IN_FRAMEWORK_HEADER = YES;
				CLANG_WARN_RANGE_LOOP_ANALYSIS = YES;
				CLANG_WARN_STRICT_PROTOTYPES = YES;
				CLANG_WARN_SUSPICIOUS_MOVE = YES;
				CLANG_WARN_UNGUARDED_AVAILABILITY = YES_AGGRESSIVE;
				CLANG_WARN_UNREACHABLE_CODE = YES;
				CLANG_WARN__DUPLICATE_METHOD_MATCH = YES;
				COPY_PHASE_STRIP = NO;
				DEBUG_INFORMATION_FORMAT = "dwarf-with-dsym";
				ENABLE_NS_ASSERTIONS = NO;
				ENABLE_STRICT_OBJC_MSGSEND = YES;
				GCC_C_LANGUAGE_STANDARD = gnu11;
				GCC_NO_COMMON_BLOCKS = YES;
				GCC_WARN_64_TO_32_BIT_CONVERSION = YES;
				GCC_WARN_ABOUT_RETURN_TYPE = YES_ERROR;
				GCC_WARN_UNDECLARED_SELECTOR = YES;
				GCC_WARN_UNINITIALIZED_AUTOS = YES_AGGRESSIVE;
				GCC_WARN_UNUSED_FUNCTION = YES;
				GCC_WARN_UNUSED_VARIABLE = YES;
				IPHONEOS_DEPLOYMENT_TARGET = 16.2;
				MTL_ENABLE_DEBUG_INFO = NO;
				MTL_FAST_MATH = YES;
				SDKROOT = iphoneos;
				SWIFT_COMPILATION_MODE = wholemodule;
				SWIFT_OPTIMIZATION_LEVEL = "-O";
				VALIDATE_PRODUCT = YES;
			};
			name = Release;
		};
		827D60C92ADECDAF00FE004F /* Debug */ = {
			isa = XCBuildConfiguration;
			buildSettings = {
				ASSETCATALOG_COMPILER_APPICON_NAME = AppIcon;
				ASSETCATALOG_COMPILER_GLOBAL_ACCENT_COLOR_NAME = AccentColor;
				CODE_SIGN_STYLE = Automatic;
				CURRENT_PROJECT_VERSION = 1;
				DEVELOPMENT_ASSET_PATHS = "\"Protvino/Preview Content\"";
				DEVELOPMENT_TEAM = CR68PP2Z3F;
				ENABLE_PREVIEWS = YES;
				GENERATE_INFOPLIST_FILE = YES;
				INFOPLIST_KEY_UIApplicationSceneManifest_Generation = YES;
				INFOPLIST_KEY_UIApplicationSupportsIndirectInputEvents = YES;
				INFOPLIST_KEY_UILaunchScreen_Generation = YES;
				INFOPLIST_KEY_UISupportedInterfaceOrientations_iPad = "UIInterfaceOrientationPortrait UIInterfaceOrientationPortraitUpsideDown UIInterfaceOrientationLandscapeLeft UIInterfaceOrientationLandscapeRight";
				INFOPLIST_KEY_UISupportedInterfaceOrientations_iPhone = "UIInterfaceOrientationPortrait UIInterfaceOrientationLandscapeLeft UIInterfaceOrientationLandscapeRight";
				IPHONEOS_DEPLOYMENT_TARGET = 14.0;
				LD_RUNPATH_SEARCH_PATHS = (
					"$(inherited)",
					"@executable_path/Frameworks",
				);
				MARKETING_VERSION = 1.0;
				PRODUCT_BUNDLE_IDENTIFIER = temp.Protvino;
				PRODUCT_NAME = "$(TARGET_NAME)";
				SWIFT_EMIT_LOC_STRINGS = YES;
				SWIFT_VERSION = 5.0;
				TARGETED_DEVICE_FAMILY = "1,2";
			};
			name = Debug;
		};
		827D60CA2ADECDAF00FE004F /* Release */ = {
			isa = XCBuildConfiguration;
			buildSettings = {
				ASSETCATALOG_COMPILER_APPICON_NAME = AppIcon;
				ASSETCATALOG_COMPILER_GLOBAL_ACCENT_COLOR_NAME = AccentColor;
				CODE_SIGN_STYLE = Automatic;
				CURRENT_PROJECT_VERSION = 1;
				DEVELOPMENT_ASSET_PATHS = "\"Protvino/Preview Content\"";
				DEVELOPMENT_TEAM = CR68PP2Z3F;
				ENABLE_PREVIEWS = YES;
				GENERATE_INFOPLIST_FILE = YES;
				INFOPLIST_KEY_UIApplicationSceneManifest_Generation = YES;
				INFOPLIST_KEY_UIApplicationSupportsIndirectInputEvents = YES;
				INFOPLIST_KEY_UILaunchScreen_Generation = YES;
				INFOPLIST_KEY_UISupportedInterfaceOrientations_iPad = "UIInterfaceOrientationPortrait UIInterfaceOrientationPortraitUpsideDown UIInterfaceOrientationLandscapeLeft UIInterfaceOrientationLandscapeRight";
				INFOPLIST_KEY_UISupportedInterfaceOrientations_iPhone = "UIInterfaceOrientationPortrait UIInterfaceOrientationLandscapeLeft UIInterfaceOrientationLandscapeRight";
				IPHONEOS_DEPLOYMENT_TARGET = 14.0;
				LD_RUNPATH_SEARCH_PATHS = (
					"$(inherited)",
					"@executable_path/Frameworks",
				);
				MARKETING_VERSION = 1.0;
				PRODUCT_BUNDLE_IDENTIFIER = temp.Protvino;
				PRODUCT_NAME = "$(TARGET_NAME)";
				SWIFT_EMIT_LOC_STRINGS = YES;
				SWIFT_VERSION = 5.0;
				TARGETED_DEVICE_FAMILY = "1,2";
			};
			name = Release;
		};
		827D60CC2ADECDAF00FE004F /* Debug */ = {
			isa = XCBuildConfiguration;
			buildSettings = {
				ALWAYS_EMBED_SWIFT_STANDARD_LIBRARIES = YES;
				BUNDLE_LOADER = "$(TEST_HOST)";
				CODE_SIGN_STYLE = Automatic;
				CURRENT_PROJECT_VERSION = 1;
				DEVELOPMENT_TEAM = CR68PP2Z3F;
				GENERATE_INFOPLIST_FILE = YES;
				IPHONEOS_DEPLOYMENT_TARGET = 16.2;
				MARKETING_VERSION = 1.0;
				PRODUCT_BUNDLE_IDENTIFIER = temp.ProtvinoTests;
				PRODUCT_NAME = "$(TARGET_NAME)";
				SWIFT_EMIT_LOC_STRINGS = NO;
				SWIFT_VERSION = 5.0;
				TARGETED_DEVICE_FAMILY = "1,2";
				TEST_HOST = "$(BUILT_PRODUCTS_DIR)/Protvino.app/$(BUNDLE_EXECUTABLE_FOLDER_PATH)/Protvino";
			};
			name = Debug;
		};
		827D60CD2ADECDAF00FE004F /* Release */ = {
			isa = XCBuildConfiguration;
			buildSettings = {
				ALWAYS_EMBED_SWIFT_STANDARD_LIBRARIES = YES;
				BUNDLE_LOADER = "$(TEST_HOST)";
				CODE_SIGN_STYLE = Automatic;
				CURRENT_PROJECT_VERSION = 1;
				DEVELOPMENT_TEAM = CR68PP2Z3F;
				GENERATE_INFOPLIST_FILE = YES;
				IPHONEOS_DEPLOYMENT_TARGET = 16.2;
				MARKETING_VERSION = 1.0;
				PRODUCT_BUNDLE_IDENTIFIER = temp.ProtvinoTests;
				PRODUCT_NAME = "$(TARGET_NAME)";
				SWIFT_EMIT_LOC_STRINGS = NO;
				SWIFT_VERSION = 5.0;
				TARGETED_DEVICE_FAMILY = "1,2";
				TEST_HOST = "$(BUILT_PRODUCTS_DIR)/Protvino.app/$(BUNDLE_EXECUTABLE_FOLDER_PATH)/Protvino";
			};
			name = Release;
		};
		827D60CF2ADECDAF00FE004F /* Debug */ = {
			isa = XCBuildConfiguration;
			buildSettings = {
				ALWAYS_EMBED_SWIFT_STANDARD_LIBRARIES = YES;
				CODE_SIGN_STYLE = Automatic;
				CURRENT_PROJECT_VERSION = 1;
				DEVELOPMENT_TEAM = CR68PP2Z3F;
				GENERATE_INFOPLIST_FILE = YES;
				MARKETING_VERSION = 1.0;
				PRODUCT_BUNDLE_IDENTIFIER = temp.ProtvinoUITests;
				PRODUCT_NAME = "$(TARGET_NAME)";
				SWIFT_EMIT_LOC_STRINGS = NO;
				SWIFT_VERSION = 5.0;
				TARGETED_DEVICE_FAMILY = "1,2";
				TEST_TARGET_NAME = Protvino;
			};
			name = Debug;
		};
		827D60D02ADECDAF00FE004F /* Release */ = {
			isa = XCBuildConfiguration;
			buildSettings = {
				ALWAYS_EMBED_SWIFT_STANDARD_LIBRARIES = YES;
				CODE_SIGN_STYLE = Automatic;
				CURRENT_PROJECT_VERSION = 1;
				DEVELOPMENT_TEAM = CR68PP2Z3F;
				GENERATE_INFOPLIST_FILE = YES;
				MARKETING_VERSION = 1.0;
				PRODUCT_BUNDLE_IDENTIFIER = temp.ProtvinoUITests;
				PRODUCT_NAME = "$(TARGET_NAME)";
				SWIFT_EMIT_LOC_STRINGS = NO;
				SWIFT_VERSION = 5.0;
				TARGETED_DEVICE_FAMILY = "1,2";
				TEST_TARGET_NAME = Protvino;
			};
			name = Release;
		};
/* End XCBuildConfiguration section */

/* Begin XCConfigurationList section */
		827D609F2ADECDAC00FE004F /* Build configuration list for PBXProject "Protvino" */ = {
			isa = XCConfigurationList;
			buildConfigurations = (
				827D60C62ADECDAF00FE004F /* Debug */,
				827D60C72ADECDAF00FE004F /* Release */,
			);
			defaultConfigurationIsVisible = 0;
			defaultConfigurationName = Release;
		};
		827D60C82ADECDAF00FE004F /* Build configuration list for PBXNativeTarget "Protvino" */ = {
			isa = XCConfigurationList;
			buildConfigurations = (
				827D60C92ADECDAF00FE004F /* Debug */,
				827D60CA2ADECDAF00FE004F /* Release */,
			);
			defaultConfigurationIsVisible = 0;
			defaultConfigurationName = Release;
		};
		827D60CB2ADECDAF00FE004F /* Build configuration list for PBXNativeTarget "ProtvinoTests" */ = {
			isa = XCConfigurationList;
			buildConfigurations = (
				827D60CC2ADECDAF00FE004F /* Debug */,
				827D60CD2ADECDAF00FE004F /* Release */,
			);
			defaultConfigurationIsVisible = 0;
			defaultConfigurationName = Release;
		};
		827D60CE2ADECDAF00FE004F /* Build configuration list for PBXNativeTarget "ProtvinoUITests" */ = {
			isa = XCConfigurationList;
			buildConfigurations = (
				827D60CF2ADECDAF00FE004F /* Debug */,
				827D60D02ADECDAF00FE004F /* Release */,
			);
			defaultConfigurationIsVisible = 0;
			defaultConfigurationName = Release;
		};
/* End XCConfigurationList section */
	};
	rootObject = 827D609C2ADECDAC00FE004F /* Project object */;
}
